
Microsoft Visual Studio Solution File, Format Version 12.00
# Visual Studio Version 17
VisualStudioVersion = 17.3.32901.215
MinimumVisualStudioVersion = 10.0.40219.1
Project("{FAE04EC0-301F-11D3-BF4B-00C04F79EFBC}") = "Polufabrikkat", "Polufabrikkat\Polufabrikkat.csproj", "{B9EED4BE-058F-45DC-8AB3-C54FF3A434ED}"
EndProject
Global
	GlobalSection(SolutionConfigurationPlatforms) = preSolution
		Debug|Any CPU = Debug|Any CPU
		Release|Any CPU = Release|Any CPU
	EndGlobalSection
	GlobalSection(ProjectConfigurationPlatforms) = postSolution
		{B9EED4BE-058F-45DC-8AB3-C54FF3A434ED}.Debug|Any CPU.ActiveCfg = Debug|Any CPU
		{B9EED4BE-058F-45DC-8AB3-C54FF3A434ED}.Debug|Any CPU.Build.0 = Debug|Any CPU
		{B9EED4BE-058F-45DC-8AB3-C54FF3A434ED}.Release|Any CPU.ActiveCfg = Release|Any CPU
		{B9EED4BE-058F-45DC-8AB3-C54FF3A434ED}.Release|Any CPU.Build.0 = Release|Any CPU
	EndGlobalSection
	GlobalSection(SolutionProperties) = preSolution
		HideSolutionNode = FALSE
	EndGlobalSection
	GlobalSection(ExtensibilityGlobals) = postSolution
		SolutionGuid = {6B07B759-3CDD-4D17-843B-B63135949AEF}
	EndGlobalSection
EndGlobal
